{
  "name": "node-js",
  "version": "1.0.0",
  "lockfileVersion": 3,
  "requires": true,
  "packages": {
    "": {
      "name": "node-js",
      "version": "1.0.0",
      "license": "ISC",
      "dependencies": {
        "date-fns": "^3.4.0",
        "uuid": "^9.0.1",
        "vuid": "^1.0.0"
      }
    },
    "node_modules/date-fns": {
      "version": "3.4.0",
      "resolved": "https://registry.npmjs.org/date-fns/-/date-fns-3.4.0.tgz",
      "integrity": "sha512-Akz4R8J9MXBsOgF1QeWeCsbv6pntT5KCPjU0Q9prBxVmWJYPLhwAIsNg3b0QAdr0ttiozYLD3L/af7Ra0jqYXw==",
      "funding": {
        "type": "github",
        "url": "https://github.com/sponsors/kossnocorp"
      }
    },
    "node_modules/uuid": {
      "version": "9.0.1",
      "resolved": "https://registry.npmjs.org/uuid/-/uuid-9.0.1.tgz",
      "integrity": "sha512-b+1eJOlsR9K8HJpow9Ok3fiWOWSIcIzXodvv0rQjVoOVNpWMpxf1wZNpt4y9h10odCNrqnYp1OBzRktckBe3sA==",
      "funding": [
        "https://github.com/sponsors/broofa",
        "https://github.com/sponsors/ctavan"
      ],
      "bin": {
        "uuid": "dist/bin/uuid"
      }
    },
    "node_modules/vuid": {
      "version": "1.0.0",
      "resolved": "https://registry.npmjs.org/vuid/-/vuid-1.0.0.tgz",
      "integrity": "sha512-BUqHW5tTMZ8ar/7vAjGAcJoRP52W4+daO2IfzwT6I1ZzdAhoGm2nE0/6ymF4OGo3mbMEtdwChYfZ8+dj5eZ7vQ=="
    }
  }
}
